
Microsoft Visual Studio Solution File, Format Version 12.00
# Visual Studio Version 17
VisualStudioVersion = 17.5.2.0
MinimumVisualStudioVersion = 10.0.40219.1
Project("{FAE04EC0-301F-11D3-BF4B-00C04F79EFBC}") = "CsharpProject1", "CsharpProject1\CsharpProject1.csproj", "{E7CDF124-11B4-408D-A54B-F3B00B100C6B}"
EndProject
Project("{FAE04EC0-301F-11D3-BF4B-00C04F79EFBC}") = "CsharpProject2", "CsharpProject2\CsharpProject2.csproj", "{5F2FF3FB-36E1-4B2B-9B03-725E895CF4D8}"
EndProject
Project("{FAE04EC0-301F-11D3-BF4B-00C04F79EFBC}") = "CsharpProject3", "CsharpProject3\CsharpProject3.csproj", "{91B3DC97-B8A6-40DF-A94F-A5DC441E7AC7}"
EndProject
Project("{FAE04EC0-301F-11D3-BF4B-00C04F79EFBC}") = "CsharpProject4", "CsharpProject4\CsharpProject4.csproj", "{E02746DE-CBCF-416A-89CA-ACF14F6678EA}"
EndProject
Project("{FAE04EC0-301F-11D3-BF4B-00C04F79EFBC}") = "CsharpProject5", "CsharpProject5\CsharpProject5.csproj", "{C145C0CA-CB7E-4817-9DFD-1B1F91F9F123}"
EndProject
Project("{FAE04EC0-301F-11D3-BF4B-00C04F79EFBC}") = "GuidedCsharpProject", "GuidedCsharpProject\GuidedCsharpProject.csproj", "{DAEAE10A-64E5-4B05-BB04-9D110C7DA5FF}"
EndProject
Project("{FAE04EC0-301F-11D3-BF4B-00C04F79EFBC}") = "GuidedCsharpProject1", "GuidedCsharpProject1\GuidedCsharpProject1.csproj", "{8B0A29E8-D565-43AE-9CB2-D0B757509833}"
EndProject
Project("{FAE04EC0-301F-11D3-BF4B-00C04F79EFBC}") = "CsharpProject6", "CsharpProject6\CsharpProject6.csproj", "{7F46E3B7-9725-45E2-900D-174A325B31BB}"
EndProject
Project("{FAE04EC0-301F-11D3-BF4B-00C04F79EFBC}") = "CsharpProject7", "CsharpProject7\CsharpProject7.csproj", "{74065CFA-46A6-43FE-AA98-CBC266D3ED10}"
EndProject
Project("{FAE04EC0-301F-11D3-BF4B-00C04F79EFBC}") = "CsharpProject8", "CsharpProject8\CsharpProject8.csproj", "{81CA50C1-6DE4-42FE-9196-41F9E098D34C}"
EndProject
Project("{FAE04EC0-301F-11D3-BF4B-00C04F79EFBC}") = "CsharpProject9", "CsharpProject9\CsharpProject9.csproj", "{801DFAA5-7D99-4B96-86FB-07600C38C5D2}"
EndProject
Project("{FAE04EC0-301F-11D3-BF4B-00C04F79EFBC}") = "CsharpProject10", "CsharpProject10\CsharpProject10.csproj", "{D42A29D9-DCC8-4C82-BCEB-5D5A61451A0C}"
EndProject
Project("{FAE04EC0-301F-11D3-BF4B-00C04F79EFBC}") = "CsharpProject11", "CsharpProject11\CsharpProject11.csproj", "{1602D344-A4B4-4A0C-9D74-952EA5F69E26}"
EndProject
Project("{FAE04EC0-301F-11D3-BF4B-00C04F79EFBC}") = "CsharpProject12", "CsharpProject12\CsharpProject12.csproj", "{A1EA5657-3E8C-497B-949E-2DD25E46FAD6}"
EndProject
Project("{FAE04EC0-301F-11D3-BF4B-00C04F79EFBC}") = "CsharpProject13", "CsharpProject13\CsharpProject13.csproj", "{BD74370A-D22D-4831-A51A-7578E11A7B6D}"
EndProject
Project("{FAE04EC0-301F-11D3-BF4B-00C04F79EFBC}") = "CsharpProject14", "CsharpProject14\CsharpProject14.csproj", "{12FBB983-8CE2-4E91-9BCE-DC4240DDA0A9}"
EndProject
Project("{FAE04EC0-301F-11D3-BF4B-00C04F79EFBC}") = "CsharpProject15", "CsharpProject15\CsharpProject15.csproj", "{7628E082-2A16-4699-82A7-3E4A660BDE64}"
EndProject
Project("{FAE04EC0-301F-11D3-BF4B-00C04F79EFBC}") = "CsharpProject16", "CsharpProject16\CsharpProject16.csproj", "{34B7EFFD-A4EA-414F-A542-A45138322C0F}"
EndProject
Project("{FAE04EC0-301F-11D3-BF4B-00C04F79EFBC}") = "GuidedCsharpProject2", "GuidedCsharpProject2\GuidedCsharpProject2.csproj", "{758D516A-D39E-4E4E-8140-10F9CB4768FD}"
EndProject
Project("{FAE04EC0-301F-11D3-BF4B-00C04F79EFBC}") = "ChallengeProject1", "ChallengeProject1\ChallengeProject1.csproj", "{2B4DE71E-D877-4572-AA35-3988F73DD096}"
EndProject
Project("{FAE04EC0-301F-11D3-BF4B-00C04F79EFBC}") = "CsharpProject17", "CsharpProject17\CsharpProject17.csproj", "{878EE8DA-BF2F-43F9-B533-910BDF7C07E8}"
EndProject
Project("{FAE04EC0-301F-11D3-BF4B-00C04F79EFBC}") = "GuidedCsharpProject3", "GuidedCsharpProject3\GuidedCsharpProject3.csproj", "{CEEF49A8-C920-4C10-8F6E-B8D8F65D7422}"
EndProject
Project("{FAE04EC0-301F-11D3-BF4B-00C04F79EFBC}") = "ChallengeProject2", "ChallengeProject2\ChallengeProject2.csproj", "{7B46EE2F-6C88-4B4B-9DC8-236662FE7312}"
EndProject
Project("{FAE04EC0-301F-11D3-BF4B-00C04F79EFBC}") = "CsharpProject18", "CsharpProject18\CsharpProject18.csproj", "{7F2A7E42-0AB8-464B-8A90-C04D2C7DF006}"
EndProject
Global
	GlobalSection(SolutionConfigurationPlatforms) = preSolution
		Debug|Any CPU = Debug|Any CPU
		Debug|x64 = Debug|x64
		Debug|x86 = Debug|x86
		Release|Any CPU = Release|Any CPU
		Release|x64 = Release|x64
		Release|x86 = Release|x86
	EndGlobalSection
	GlobalSection(ProjectConfigurationPlatforms) = postSolution
		{E7CDF124-11B4-408D-A54B-F3B00B100C6B}.Debug|Any CPU.ActiveCfg = Debug|Any CPU
		{E7CDF124-11B4-408D-A54B-F3B00B100C6B}.Debug|Any CPU.Build.0 = Debug|Any CPU
		{E7CDF124-11B4-408D-A54B-F3B00B100C6B}.Debug|x64.ActiveCfg = Debug|Any CPU
		{E7CDF124-11B4-408D-A54B-F3B00B100C6B}.Debug|x64.Build.0 = Debug|Any CPU
		{E7CDF124-11B4-408D-A54B-F3B00B100C6B}.Debug|x86.ActiveCfg = Debug|Any CPU
		{E7CDF124-11B4-408D-A54B-F3B00B100C6B}.Debug|x86.Build.0 = Debug|Any CPU
		{E7CDF124-11B4-408D-A54B-F3B00B100C6B}.Release|Any CPU.ActiveCfg = Release|Any CPU
		{E7CDF124-11B4-408D-A54B-F3B00B100C6B}.Release|Any CPU.Build.0 = Release|Any CPU
		{E7CDF124-11B4-408D-A54B-F3B00B100C6B}.Release|x64.ActiveCfg = Release|Any CPU
		{E7CDF124-11B4-408D-A54B-F3B00B100C6B}.Release|x64.Build.0 = Release|Any CPU
		{E7CDF124-11B4-408D-A54B-F3B00B100C6B}.Release|x86.ActiveCfg = Release|Any CPU
		{E7CDF124-11B4-408D-A54B-F3B00B100C6B}.Release|x86.Build.0 = Release|Any CPU
		{5F2FF3FB-36E1-4B2B-9B03-725E895CF4D8}.Debug|Any CPU.ActiveCfg = Debug|Any CPU
		{5F2FF3FB-36E1-4B2B-9B03-725E895CF4D8}.Debug|Any CPU.Build.0 = Debug|Any CPU
		{5F2FF3FB-36E1-4B2B-9B03-725E895CF4D8}.Debug|x64.ActiveCfg = Debug|Any CPU
		{5F2FF3FB-36E1-4B2B-9B03-725E895CF4D8}.Debug|x64.Build.0 = Debug|Any CPU
		{5F2FF3FB-36E1-4B2B-9B03-725E895CF4D8}.Debug|x86.ActiveCfg = Debug|Any CPU
		{5F2FF3FB-36E1-4B2B-9B03-725E895CF4D8}.Debug|x86.Build.0 = Debug|Any CPU
		{5F2FF3FB-36E1-4B2B-9B03-725E895CF4D8}.Release|Any CPU.ActiveCfg = Release|Any CPU
		{5F2FF3FB-36E1-4B2B-9B03-725E895CF4D8}.Release|Any CPU.Build.0 = Release|Any CPU
		{5F2FF3FB-36E1-4B2B-9B03-725E895CF4D8}.Release|x64.ActiveCfg = Release|Any CPU
		{5F2FF3FB-36E1-4B2B-9B03-725E895CF4D8}.Release|x64.Build.0 = Release|Any CPU
		{5F2FF3FB-36E1-4B2B-9B03-725E895CF4D8}.Release|x86.ActiveCfg = Release|Any CPU
		{5F2FF3FB-36E1-4B2B-9B03-725E895CF4D8}.Release|x86.Build.0 = Release|Any CPU
		{91B3DC97-B8A6-40DF-A94F-A5DC441E7AC7}.Debug|Any CPU.ActiveCfg = Debug|Any CPU
		{91B3DC97-B8A6-40DF-A94F-A5DC441E7AC7}.Debug|Any CPU.Build.0 = Debug|Any CPU
		{91B3DC97-B8A6-40DF-A94F-A5DC441E7AC7}.Debug|x64.ActiveCfg = Debug|Any CPU
		{91B3DC97-B8A6-40DF-A94F-A5DC441E7AC7}.Debug|x64.Build.0 = Debug|Any CPU
		{91B3DC97-B8A6-40DF-A94F-A5DC441E7AC7}.Debug|x86.ActiveCfg = Debug|Any CPU
		{91B3DC97-B8A6-40DF-A94F-A5DC441E7AC7}.Debug|x86.Build.0 = Debug|Any CPU
		{91B3DC97-B8A6-40DF-A94F-A5DC441E7AC7}.Release|Any CPU.ActiveCfg = Release|Any CPU
		{91B3DC97-B8A6-40DF-A94F-A5DC441E7AC7}.Release|Any CPU.Build.0 = Release|Any CPU
		{91B3DC97-B8A6-40DF-A94F-A5DC441E7AC7}.Release|x64.ActiveCfg = Release|Any CPU
		{91B3DC97-B8A6-40DF-A94F-A5DC441E7AC7}.Release|x64.Build.0 = Release|Any CPU
		{91B3DC97-B8A6-40DF-A94F-A5DC441E7AC7}.Release|x86.ActiveCfg = Release|Any CPU
		{91B3DC97-B8A6-40DF-A94F-A5DC441E7AC7}.Release|x86.Build.0 = Release|Any CPU
		{E02746DE-CBCF-416A-89CA-ACF14F6678EA}.Debug|Any CPU.ActiveCfg = Debug|Any CPU
		{E02746DE-CBCF-416A-89CA-ACF14F6678EA}.Debug|Any CPU.Build.0 = Debug|Any CPU
		{E02746DE-CBCF-416A-89CA-ACF14F6678EA}.Debug|x64.ActiveCfg = Debug|Any CPU
		{E02746DE-CBCF-416A-89CA-ACF14F6678EA}.Debug|x64.Build.0 = Debug|Any CPU
		{E02746DE-CBCF-416A-89CA-ACF14F6678EA}.Debug|x86.ActiveCfg = Debug|Any CPU
		{E02746DE-CBCF-416A-89CA-ACF14F6678EA}.Debug|x86.Build.0 = Debug|Any CPU
		{E02746DE-CBCF-416A-89CA-ACF14F6678EA}.Release|Any CPU.ActiveCfg = Release|Any CPU
		{E02746DE-CBCF-416A-89CA-ACF14F6678EA}.Release|Any CPU.Build.0 = Release|Any CPU
		{E02746DE-CBCF-416A-89CA-ACF14F6678EA}.Release|x64.ActiveCfg = Release|Any CPU
		{E02746DE-CBCF-416A-89CA-ACF14F6678EA}.Release|x64.Build.0 = Release|Any CPU
		{E02746DE-CBCF-416A-89CA-ACF14F6678EA}.Release|x86.ActiveCfg = Release|Any CPU
		{E02746DE-CBCF-416A-89CA-ACF14F6678EA}.Release|x86.Build.0 = Release|Any CPU
		{C145C0CA-CB7E-4817-9DFD-1B1F91F9F123}.Debug|Any CPU.ActiveCfg = Debug|Any CPU
		{C145C0CA-CB7E-4817-9DFD-1B1F91F9F123}.Debug|Any CPU.Build.0 = Debug|Any CPU
		{C145C0CA-CB7E-4817-9DFD-1B1F91F9F123}.Debug|x64.ActiveCfg = Debug|Any CPU
		{C145C0CA-CB7E-4817-9DFD-1B1F91F9F123}.Debug|x64.Build.0 = Debug|Any CPU
		{C145C0CA-CB7E-4817-9DFD-1B1F91F9F123}.Debug|x86.ActiveCfg = Debug|Any CPU
		{C145C0CA-CB7E-4817-9DFD-1B1F91F9F123}.Debug|x86.Build.0 = Debug|Any CPU
		{C145C0CA-CB7E-4817-9DFD-1B1F91F9F123}.Release|Any CPU.ActiveCfg = Release|Any CPU
		{C145C0CA-CB7E-4817-9DFD-1B1F91F9F123}.Release|Any CPU.Build.0 = Release|Any CPU
		{C145C0CA-CB7E-4817-9DFD-1B1F91F9F123}.Release|x64.ActiveCfg = Release|Any CPU
		{C145C0CA-CB7E-4817-9DFD-1B1F91F9F123}.Release|x64.Build.0 = Release|Any CPU
		{C145C0CA-CB7E-4817-9DFD-1B1F91F9F123}.Release|x86.ActiveCfg = Release|Any CPU
		{C145C0CA-CB7E-4817-9DFD-1B1F91F9F123}.Release|x86.Build.0 = Release|Any CPU
		{DAEAE10A-64E5-4B05-BB04-9D110C7DA5FF}.Debug|Any CPU.ActiveCfg = Debug|Any CPU
		{DAEAE10A-64E5-4B05-BB04-9D110C7DA5FF}.Debug|Any CPU.Build.0 = Debug|Any CPU
		{DAEAE10A-64E5-4B05-BB04-9D110C7DA5FF}.Debug|x64.ActiveCfg = Debug|Any CPU
		{DAEAE10A-64E5-4B05-BB04-9D110C7DA5FF}.Debug|x64.Build.0 = Debug|Any CPU
		{DAEAE10A-64E5-4B05-BB04-9D110C7DA5FF}.Debug|x86.ActiveCfg = Debug|Any CPU
		{DAEAE10A-64E5-4B05-BB04-9D110C7DA5FF}.Debug|x86.Build.0 = Debug|Any CPU
		{DAEAE10A-64E5-4B05-BB04-9D110C7DA5FF}.Release|Any CPU.ActiveCfg = Release|Any CPU
		{DAEAE10A-64E5-4B05-BB04-9D110C7DA5FF}.Release|Any CPU.Build.0 = Release|Any CPU
		{DAEAE10A-64E5-4B05-BB04-9D110C7DA5FF}.Release|x64.ActiveCfg = Release|Any CPU
		{DAEAE10A-64E5-4B05-BB04-9D110C7DA5FF}.Release|x64.Build.0 = Release|Any CPU
		{DAEAE10A-64E5-4B05-BB04-9D110C7DA5FF}.Release|x86.ActiveCfg = Release|Any CPU
		{DAEAE10A-64E5-4B05-BB04-9D110C7DA5FF}.Release|x86.Build.0 = Release|Any CPU
		{8B0A29E8-D565-43AE-9CB2-D0B757509833}.Debug|Any CPU.ActiveCfg = Debug|Any CPU
		{8B0A29E8-D565-43AE-9CB2-D0B757509833}.Debug|Any CPU.Build.0 = Debug|Any CPU
		{8B0A29E8-D565-43AE-9CB2-D0B757509833}.Debug|x64.ActiveCfg = Debug|Any CPU
		{8B0A29E8-D565-43AE-9CB2-D0B757509833}.Debug|x64.Build.0 = Debug|Any CPU
		{8B0A29E8-D565-43AE-9CB2-D0B757509833}.Debug|x86.ActiveCfg = Debug|Any CPU
		{8B0A29E8-D565-43AE-9CB2-D0B757509833}.Debug|x86.Build.0 = Debug|Any CPU
		{8B0A29E8-D565-43AE-9CB2-D0B757509833}.Release|Any CPU.ActiveCfg = Release|Any CPU
		{8B0A29E8-D565-43AE-9CB2-D0B757509833}.Release|Any CPU.Build.0 = Release|Any CPU
		{8B0A29E8-D565-43AE-9CB2-D0B757509833}.Release|x64.ActiveCfg = Release|Any CPU
		{8B0A29E8-D565-43AE-9CB2-D0B757509833}.Release|x64.Build.0 = Release|Any CPU
		{8B0A29E8-D565-43AE-9CB2-D0B757509833}.Release|x86.ActiveCfg = Release|Any CPU
		{8B0A29E8-D565-43AE-9CB2-D0B757509833}.Release|x86.Build.0 = Release|Any CPU
		{7F46E3B7-9725-45E2-900D-174A325B31BB}.Debug|Any CPU.ActiveCfg = Debug|Any CPU
		{7F46E3B7-9725-45E2-900D-174A325B31BB}.Debug|Any CPU.Build.0 = Debug|Any CPU
		{7F46E3B7-9725-45E2-900D-174A325B31BB}.Debug|x64.ActiveCfg = Debug|Any CPU
		{7F46E3B7-9725-45E2-900D-174A325B31BB}.Debug|x64.Build.0 = Debug|Any CPU
		{7F46E3B7-9725-45E2-900D-174A325B31BB}.Debug|x86.ActiveCfg = Debug|Any CPU
		{7F46E3B7-9725-45E2-900D-174A325B31BB}.Debug|x86.Build.0 = Debug|Any CPU
		{7F46E3B7-9725-45E2-900D-174A325B31BB}.Release|Any CPU.ActiveCfg = Release|Any CPU
		{7F46E3B7-9725-45E2-900D-174A325B31BB}.Release|Any CPU.Build.0 = Release|Any CPU
		{7F46E3B7-9725-45E2-900D-174A325B31BB}.Release|x64.ActiveCfg = Release|Any CPU
		{7F46E3B7-9725-45E2-900D-174A325B31BB}.Release|x64.Build.0 = Release|Any CPU
		{7F46E3B7-9725-45E2-900D-174A325B31BB}.Release|x86.ActiveCfg = Release|Any CPU
		{7F46E3B7-9725-45E2-900D-174A325B31BB}.Release|x86.Build.0 = Release|Any CPU
		{74065CFA-46A6-43FE-AA98-CBC266D3ED10}.Debug|Any CPU.ActiveCfg = Debug|Any CPU
		{74065CFA-46A6-43FE-AA98-CBC266D3ED10}.Debug|Any CPU.Build.0 = Debug|Any CPU
		{74065CFA-46A6-43FE-AA98-CBC266D3ED10}.Debug|x64.ActiveCfg = Debug|Any CPU
		{74065CFA-46A6-43FE-AA98-CBC266D3ED10}.Debug|x64.Build.0 = Debug|Any CPU
		{74065CFA-46A6-43FE-AA98-CBC266D3ED10}.Debug|x86.ActiveCfg = Debug|Any CPU
		{74065CFA-46A6-43FE-AA98-CBC266D3ED10}.Debug|x86.Build.0 = Debug|Any CPU
		{74065CFA-46A6-43FE-AA98-CBC266D3ED10}.Release|Any CPU.ActiveCfg = Release|Any CPU
		{74065CFA-46A6-43FE-AA98-CBC266D3ED10}.Release|Any CPU.Build.0 = Release|Any CPU
		{74065CFA-46A6-43FE-AA98-CBC266D3ED10}.Release|x64.ActiveCfg = Release|Any CPU
		{74065CFA-46A6-43FE-AA98-CBC266D3ED10}.Release|x64.Build.0 = Release|Any CPU
		{74065CFA-46A6-43FE-AA98-CBC266D3ED10}.Release|x86.ActiveCfg = Release|Any CPU
		{74065CFA-46A6-43FE-AA98-CBC266D3ED10}.Release|x86.Build.0 = Release|Any CPU
		{81CA50C1-6DE4-42FE-9196-41F9E098D34C}.Debug|Any CPU.ActiveCfg = Debug|Any CPU
		{81CA50C1-6DE4-42FE-9196-41F9E098D34C}.Debug|Any CPU.Build.0 = Debug|Any CPU
		{81CA50C1-6DE4-42FE-9196-41F9E098D34C}.Debug|x64.ActiveCfg = Debug|Any CPU
		{81CA50C1-6DE4-42FE-9196-41F9E098D34C}.Debug|x64.Build.0 = Debug|Any CPU
		{81CA50C1-6DE4-42FE-9196-41F9E098D34C}.Debug|x86.ActiveCfg = Debug|Any CPU
		{81CA50C1-6DE4-42FE-9196-41F9E098D34C}.Debug|x86.Build.0 = Debug|Any CPU
		{81CA50C1-6DE4-42FE-9196-41F9E098D34C}.Release|Any CPU.ActiveCfg = Release|Any CPU
		{81CA50C1-6DE4-42FE-9196-41F9E098D34C}.Release|Any CPU.Build.0 = Release|Any CPU
		{81CA50C1-6DE4-42FE-9196-41F9E098D34C}.Release|x64.ActiveCfg = Release|Any CPU
		{81CA50C1-6DE4-42FE-9196-41F9E098D34C}.Release|x64.Build.0 = Release|Any CPU
		{81CA50C1-6DE4-42FE-9196-41F9E098D34C}.Release|x86.ActiveCfg = Release|Any CPU
		{81CA50C1-6DE4-42FE-9196-41F9E098D34C}.Release|x86.Build.0 = Release|Any CPU
		{801DFAA5-7D99-4B96-86FB-07600C38C5D2}.Debug|Any CPU.ActiveCfg = Debug|Any CPU
		{801DFAA5-7D99-4B96-86FB-07600C38C5D2}.Debug|Any CPU.Build.0 = Debug|Any CPU
		{801DFAA5-7D99-4B96-86FB-07600C38C5D2}.Debug|x64.ActiveCfg = Debug|Any CPU
		{801DFAA5-7D99-4B96-86FB-07600C38C5D2}.Debug|x64.Build.0 = Debug|Any CPU
		{801DFAA5-7D99-4B96-86FB-07600C38C5D2}.Debug|x86.ActiveCfg = Debug|Any CPU
		{801DFAA5-7D99-4B96-86FB-07600C38C5D2}.Debug|x86.Build.0 = Debug|Any CPU
		{801DFAA5-7D99-4B96-86FB-07600C38C5D2}.Release|Any CPU.ActiveCfg = Release|Any CPU
		{801DFAA5-7D99-4B96-86FB-07600C38C5D2}.Release|Any CPU.Build.0 = Release|Any CPU
		{801DFAA5-7D99-4B96-86FB-07600C38C5D2}.Release|x64.ActiveCfg = Release|Any CPU
		{801DFAA5-7D99-4B96-86FB-07600C38C5D2}.Release|x64.Build.0 = Release|Any CPU
		{801DFAA5-7D99-4B96-86FB-07600C38C5D2}.Release|x86.ActiveCfg = Release|Any CPU
		{801DFAA5-7D99-4B96-86FB-07600C38C5D2}.Release|x86.Build.0 = Release|Any CPU
		{D42A29D9-DCC8-4C82-BCEB-5D5A61451A0C}.Debug|Any CPU.ActiveCfg = Debug|Any CPU
		{D42A29D9-DCC8-4C82-BCEB-5D5A61451A0C}.Debug|Any CPU.Build.0 = Debug|Any CPU
		{D42A29D9-DCC8-4C82-BCEB-5D5A61451A0C}.Debug|x64.ActiveCfg = Debug|Any CPU
		{D42A29D9-DCC8-4C82-BCEB-5D5A61451A0C}.Debug|x64.Build.0 = Debug|Any CPU
		{D42A29D9-DCC8-4C82-BCEB-5D5A61451A0C}.Debug|x86.ActiveCfg = Debug|Any CPU
		{D42A29D9-DCC8-4C82-BCEB-5D5A61451A0C}.Debug|x86.Build.0 = Debug|Any CPU
		{D42A29D9-DCC8-4C82-BCEB-5D5A61451A0C}.Release|Any CPU.ActiveCfg = Release|Any CPU
		{D42A29D9-DCC8-4C82-BCEB-5D5A61451A0C}.Release|Any CPU.Build.0 = Release|Any CPU
		{D42A29D9-DCC8-4C82-BCEB-5D5A61451A0C}.Release|x64.ActiveCfg = Release|Any CPU
		{D42A29D9-DCC8-4C82-BCEB-5D5A61451A0C}.Release|x64.Build.0 = Release|Any CPU
		{D42A29D9-DCC8-4C82-BCEB-5D5A61451A0C}.Release|x86.ActiveCfg = Release|Any CPU
		{D42A29D9-DCC8-4C82-BCEB-5D5A61451A0C}.Release|x86.Build.0 = Release|Any CPU
		{1602D344-A4B4-4A0C-9D74-952EA5F69E26}.Debug|Any CPU.ActiveCfg = Debug|Any CPU
		{1602D344-A4B4-4A0C-9D74-952EA5F69E26}.Debug|Any CPU.Build.0 = Debug|Any CPU
		{1602D344-A4B4-4A0C-9D74-952EA5F69E26}.Debug|x64.ActiveCfg = Debug|Any CPU
		{1602D344-A4B4-4A0C-9D74-952EA5F69E26}.Debug|x64.Build.0 = Debug|Any CPU
		{1602D344-A4B4-4A0C-9D74-952EA5F69E26}.Debug|x86.ActiveCfg = Debug|Any CPU
		{1602D344-A4B4-4A0C-9D74-952EA5F69E26}.Debug|x86.Build.0 = Debug|Any CPU
		{1602D344-A4B4-4A0C-9D74-952EA5F69E26}.Release|Any CPU.ActiveCfg = Release|Any CPU
		{1602D344-A4B4-4A0C-9D74-952EA5F69E26}.Release|Any CPU.Build.0 = Release|Any CPU
		{1602D344-A4B4-4A0C-9D74-952EA5F69E26}.Release|x64.ActiveCfg = Release|Any CPU
		{1602D344-A4B4-4A0C-9D74-952EA5F69E26}.Release|x64.Build.0 = Release|Any CPU
		{1602D344-A4B4-4A0C-9D74-952EA5F69E26}.Release|x86.ActiveCfg = Release|Any CPU
		{1602D344-A4B4-4A0C-9D74-952EA5F69E26}.Release|x86.Build.0 = Release|Any CPU
		{A1EA5657-3E8C-497B-949E-2DD25E46FAD6}.Debug|Any CPU.ActiveCfg = Debug|Any CPU
		{A1EA5657-3E8C-497B-949E-2DD25E46FAD6}.Debug|Any CPU.Build.0 = Debug|Any CPU
		{A1EA5657-3E8C-497B-949E-2DD25E46FAD6}.Debug|x64.ActiveCfg = Debug|Any CPU
		{A1EA5657-3E8C-497B-949E-2DD25E46FAD6}.Debug|x64.Build.0 = Debug|Any CPU
		{A1EA5657-3E8C-497B-949E-2DD25E46FAD6}.Debug|x86.ActiveCfg = Debug|Any CPU
		{A1EA5657-3E8C-497B-949E-2DD25E46FAD6}.Debug|x86.Build.0 = Debug|Any CPU
		{A1EA5657-3E8C-497B-949E-2DD25E46FAD6}.Release|Any CPU.ActiveCfg = Release|Any CPU
		{A1EA5657-3E8C-497B-949E-2DD25E46FAD6}.Release|Any CPU.Build.0 = Release|Any CPU
		{A1EA5657-3E8C-497B-949E-2DD25E46FAD6}.Release|x64.ActiveCfg = Release|Any CPU
		{A1EA5657-3E8C-497B-949E-2DD25E46FAD6}.Release|x64.Build.0 = Release|Any CPU
		{A1EA5657-3E8C-497B-949E-2DD25E46FAD6}.Release|x86.ActiveCfg = Release|Any CPU
		{A1EA5657-3E8C-497B-949E-2DD25E46FAD6}.Release|x86.Build.0 = Release|Any CPU
		{BD74370A-D22D-4831-A51A-7578E11A7B6D}.Debug|Any CPU.ActiveCfg = Debug|Any CPU
		{BD74370A-D22D-4831-A51A-7578E11A7B6D}.Debug|Any CPU.Build.0 = Debug|Any CPU
		{BD74370A-D22D-4831-A51A-7578E11A7B6D}.Debug|x64.ActiveCfg = Debug|Any CPU
		{BD74370A-D22D-4831-A51A-7578E11A7B6D}.Debug|x64.Build.0 = Debug|Any CPU
		{BD74370A-D22D-4831-A51A-7578E11A7B6D}.Debug|x86.ActiveCfg = Debug|Any CPU
		{BD74370A-D22D-4831-A51A-7578E11A7B6D}.Debug|x86.Build.0 = Debug|Any CPU
		{BD74370A-D22D-4831-A51A-7578E11A7B6D}.Release|Any CPU.ActiveCfg = Release|Any CPU
		{BD74370A-D22D-4831-A51A-7578E11A7B6D}.Release|Any CPU.Build.0 = Release|Any CPU
		{BD74370A-D22D-4831-A51A-7578E11A7B6D}.Release|x64.ActiveCfg = Release|Any CPU
		{BD74370A-D22D-4831-A51A-7578E11A7B6D}.Release|x64.Build.0 = Release|Any CPU
		{BD74370A-D22D-4831-A51A-7578E11A7B6D}.Release|x86.ActiveCfg = Release|Any CPU
		{BD74370A-D22D-4831-A51A-7578E11A7B6D}.Release|x86.Build.0 = Release|Any CPU
		{12FBB983-8CE2-4E91-9BCE-DC4240DDA0A9}.Debug|Any CPU.ActiveCfg = Debug|Any CPU
		{12FBB983-8CE2-4E91-9BCE-DC4240DDA0A9}.Debug|Any CPU.Build.0 = Debug|Any CPU
		{12FBB983-8CE2-4E91-9BCE-DC4240DDA0A9}.Debug|x64.ActiveCfg = Debug|Any CPU
		{12FBB983-8CE2-4E91-9BCE-DC4240DDA0A9}.Debug|x64.Build.0 = Debug|Any CPU
		{12FBB983-8CE2-4E91-9BCE-DC4240DDA0A9}.Debug|x86.ActiveCfg = Debug|Any CPU
		{12FBB983-8CE2-4E91-9BCE-DC4240DDA0A9}.Debug|x86.Build.0 = Debug|Any CPU
		{12FBB983-8CE2-4E91-9BCE-DC4240DDA0A9}.Release|Any CPU.ActiveCfg = Release|Any CPU
		{12FBB983-8CE2-4E91-9BCE-DC4240DDA0A9}.Release|Any CPU.Build.0 = Release|Any CPU
		{12FBB983-8CE2-4E91-9BCE-DC4240DDA0A9}.Release|x64.ActiveCfg = Release|Any CPU
		{12FBB983-8CE2-4E91-9BCE-DC4240DDA0A9}.Release|x64.Build.0 = Release|Any CPU
		{12FBB983-8CE2-4E91-9BCE-DC4240DDA0A9}.Release|x86.ActiveCfg = Release|Any CPU
		{12FBB983-8CE2-4E91-9BCE-DC4240DDA0A9}.Release|x86.Build.0 = Release|Any CPU
		{7628E082-2A16-4699-82A7-3E4A660BDE64}.Debug|Any CPU.ActiveCfg = Debug|Any CPU
		{7628E082-2A16-4699-82A7-3E4A660BDE64}.Debug|Any CPU.Build.0 = Debug|Any CPU
		{7628E082-2A16-4699-82A7-3E4A660BDE64}.Debug|x64.ActiveCfg = Debug|Any CPU
		{7628E082-2A16-4699-82A7-3E4A660BDE64}.Debug|x64.Build.0 = Debug|Any CPU
		{7628E082-2A16-4699-82A7-3E4A660BDE64}.Debug|x86.ActiveCfg = Debug|Any CPU
		{7628E082-2A16-4699-82A7-3E4A660BDE64}.Debug|x86.Build.0 = Debug|Any CPU
		{7628E082-2A16-4699-82A7-3E4A660BDE64}.Release|Any CPU.ActiveCfg = Release|Any CPU
		{7628E082-2A16-4699-82A7-3E4A660BDE64}.Release|Any CPU.Build.0 = Release|Any CPU
		{7628E082-2A16-4699-82A7-3E4A660BDE64}.Release|x64.ActiveCfg = Release|Any CPU
		{7628E082-2A16-4699-82A7-3E4A660BDE64}.Release|x64.Build.0 = Release|Any CPU
		{7628E082-2A16-4699-82A7-3E4A660BDE64}.Release|x86.ActiveCfg = Release|Any CPU
		{7628E082-2A16-4699-82A7-3E4A660BDE64}.Release|x86.Build.0 = Release|Any CPU
		{34B7EFFD-A4EA-414F-A542-A45138322C0F}.Debug|Any CPU.ActiveCfg = Debug|Any CPU
		{34B7EFFD-A4EA-414F-A542-A45138322C0F}.Debug|Any CPU.Build.0 = Debug|Any CPU
		{34B7EFFD-A4EA-414F-A542-A45138322C0F}.Debug|x64.ActiveCfg = Debug|Any CPU
		{34B7EFFD-A4EA-414F-A542-A45138322C0F}.Debug|x64.Build.0 = Debug|Any CPU
		{34B7EFFD-A4EA-414F-A542-A45138322C0F}.Debug|x86.ActiveCfg = Debug|Any CPU
		{34B7EFFD-A4EA-414F-A542-A45138322C0F}.Debug|x86.Build.0 = Debug|Any CPU
		{34B7EFFD-A4EA-414F-A542-A45138322C0F}.Release|Any CPU.ActiveCfg = Release|Any CPU
		{34B7EFFD-A4EA-414F-A542-A45138322C0F}.Release|Any CPU.Build.0 = Release|Any CPU
		{34B7EFFD-A4EA-414F-A542-A45138322C0F}.Release|x64.ActiveCfg = Release|Any CPU
		{34B7EFFD-A4EA-414F-A542-A45138322C0F}.Release|x64.Build.0 = Release|Any CPU
		{34B7EFFD-A4EA-414F-A542-A45138322C0F}.Release|x86.ActiveCfg = Release|Any CPU
		{34B7EFFD-A4EA-414F-A542-A45138322C0F}.Release|x86.Build.0 = Release|Any CPU
		{758D516A-D39E-4E4E-8140-10F9CB4768FD}.Debug|Any CPU.ActiveCfg = Debug|Any CPU
		{758D516A-D39E-4E4E-8140-10F9CB4768FD}.Debug|Any CPU.Build.0 = Debug|Any CPU
		{758D516A-D39E-4E4E-8140-10F9CB4768FD}.Debug|x64.ActiveCfg = Debug|Any CPU
		{758D516A-D39E-4E4E-8140-10F9CB4768FD}.Debug|x64.Build.0 = Debug|Any CPU
		{758D516A-D39E-4E4E-8140-10F9CB4768FD}.Debug|x86.ActiveCfg = Debug|Any CPU
		{758D516A-D39E-4E4E-8140-10F9CB4768FD}.Debug|x86.Build.0 = Debug|Any CPU
		{758D516A-D39E-4E4E-8140-10F9CB4768FD}.Release|Any CPU.ActiveCfg = Release|Any CPU
		{758D516A-D39E-4E4E-8140-10F9CB4768FD}.Release|Any CPU.Build.0 = Release|Any CPU
		{758D516A-D39E-4E4E-8140-10F9CB4768FD}.Release|x64.ActiveCfg = Release|Any CPU
		{758D516A-D39E-4E4E-8140-10F9CB4768FD}.Release|x64.Build.0 = Release|Any CPU
		{758D516A-D39E-4E4E-8140-10F9CB4768FD}.Release|x86.ActiveCfg = Release|Any CPU
		{758D516A-D39E-4E4E-8140-10F9CB4768FD}.Release|x86.Build.0 = Release|Any CPU
		{2B4DE71E-D877-4572-AA35-3988F73DD096}.Debug|Any CPU.ActiveCfg = Debug|Any CPU
		{2B4DE71E-D877-4572-AA35-3988F73DD096}.Debug|Any CPU.Build.0 = Debug|Any CPU
		{2B4DE71E-D877-4572-AA35-3988F73DD096}.Debug|x64.ActiveCfg = Debug|Any CPU
		{2B4DE71E-D877-4572-AA35-3988F73DD096}.Debug|x64.Build.0 = Debug|Any CPU
		{2B4DE71E-D877-4572-AA35-3988F73DD096}.Debug|x86.ActiveCfg = Debug|Any CPU
		{2B4DE71E-D877-4572-AA35-3988F73DD096}.Debug|x86.Build.0 = Debug|Any CPU
		{2B4DE71E-D877-4572-AA35-3988F73DD096}.Release|Any CPU.ActiveCfg = Release|Any CPU
		{2B4DE71E-D877-4572-AA35-3988F73DD096}.Release|Any CPU.Build.0 = Release|Any CPU
		{2B4DE71E-D877-4572-AA35-3988F73DD096}.Release|x64.ActiveCfg = Release|Any CPU
		{2B4DE71E-D877-4572-AA35-3988F73DD096}.Release|x64.Build.0 = Release|Any CPU
		{2B4DE71E-D877-4572-AA35-3988F73DD096}.Release|x86.ActiveCfg = Release|Any CPU
		{2B4DE71E-D877-4572-AA35-3988F73DD096}.Release|x86.Build.0 = Release|Any CPU
		{878EE8DA-BF2F-43F9-B533-910BDF7C07E8}.Debug|Any CPU.ActiveCfg = Debug|Any CPU
		{878EE8DA-BF2F-43F9-B533-910BDF7C07E8}.Debug|Any CPU.Build.0 = Debug|Any CPU
		{878EE8DA-BF2F-43F9-B533-910BDF7C07E8}.Debug|x64.ActiveCfg = Debug|Any CPU
		{878EE8DA-BF2F-43F9-B533-910BDF7C07E8}.Debug|x64.Build.0 = Debug|Any CPU
		{878EE8DA-BF2F-43F9-B533-910BDF7C07E8}.Debug|x86.ActiveCfg = Debug|Any CPU
		{878EE8DA-BF2F-43F9-B533-910BDF7C07E8}.Debug|x86.Build.0 = Debug|Any CPU
		{878EE8DA-BF2F-43F9-B533-910BDF7C07E8}.Release|Any CPU.ActiveCfg = Release|Any CPU
		{878EE8DA-BF2F-43F9-B533-910BDF7C07E8}.Release|Any CPU.Build.0 = Release|Any CPU
		{878EE8DA-BF2F-43F9-B533-910BDF7C07E8}.Release|x64.ActiveCfg = Release|Any CPU
		{878EE8DA-BF2F-43F9-B533-910BDF7C07E8}.Release|x64.Build.0 = Release|Any CPU
		{878EE8DA-BF2F-43F9-B533-910BDF7C07E8}.Release|x86.ActiveCfg = Release|Any CPU
		{878EE8DA-BF2F-43F9-B533-910BDF7C07E8}.Release|x86.Build.0 = Release|Any CPU
		{CEEF49A8-C920-4C10-8F6E-B8D8F65D7422}.Debug|Any CPU.ActiveCfg = Debug|Any CPU
		{CEEF49A8-C920-4C10-8F6E-B8D8F65D7422}.Debug|Any CPU.Build.0 = Debug|Any CPU
		{CEEF49A8-C920-4C10-8F6E-B8D8F65D7422}.Debug|x64.ActiveCfg = Debug|Any CPU
		{CEEF49A8-C920-4C10-8F6E-B8D8F65D7422}.Debug|x64.Build.0 = Debug|Any CPU
		{CEEF49A8-C920-4C10-8F6E-B8D8F65D7422}.Debug|x86.ActiveCfg = Debug|Any CPU
		{CEEF49A8-C920-4C10-8F6E-B8D8F65D7422}.Debug|x86.Build.0 = Debug|Any CPU
		{CEEF49A8-C920-4C10-8F6E-B8D8F65D7422}.Release|Any CPU.ActiveCfg = Release|Any CPU
		{CEEF49A8-C920-4C10-8F6E-B8D8F65D7422}.Release|Any CPU.Build.0 = Release|Any CPU
		{CEEF49A8-C920-4C10-8F6E-B8D8F65D7422}.Release|x64.ActiveCfg = Release|Any CPU
		{CEEF49A8-C920-4C10-8F6E-B8D8F65D7422}.Release|x64.Build.0 = Release|Any CPU
		{CEEF49A8-C920-4C10-8F6E-B8D8F65D7422}.Release|x86.ActiveCfg = Release|Any CPU
		{CEEF49A8-C920-4C10-8F6E-B8D8F65D7422}.Release|x86.Build.0 = Release|Any CPU
		{7B46EE2F-6C88-4B4B-9DC8-236662FE7312}.Debug|Any CPU.ActiveCfg = Debug|Any CPU
		{7B46EE2F-6C88-4B4B-9DC8-236662FE7312}.Debug|Any CPU.Build.0 = Debug|Any CPU
		{7B46EE2F-6C88-4B4B-9DC8-236662FE7312}.Debug|x64.ActiveCfg = Debug|Any CPU
		{7B46EE2F-6C88-4B4B-9DC8-236662FE7312}.Debug|x64.Build.0 = Debug|Any CPU
		{7B46EE2F-6C88-4B4B-9DC8-236662FE7312}.Debug|x86.ActiveCfg = Debug|Any CPU
		{7B46EE2F-6C88-4B4B-9DC8-236662FE7312}.Debug|x86.Build.0 = Debug|Any CPU
		{7B46EE2F-6C88-4B4B-9DC8-236662FE7312}.Release|Any CPU.ActiveCfg = Release|Any CPU
		{7B46EE2F-6C88-4B4B-9DC8-236662FE7312}.Release|Any CPU.Build.0 = Release|Any CPU
		{7B46EE2F-6C88-4B4B-9DC8-236662FE7312}.Release|x64.ActiveCfg = Release|Any CPU
		{7B46EE2F-6C88-4B4B-9DC8-236662FE7312}.Release|x64.Build.0 = Release|Any CPU
		{7B46EE2F-6C88-4B4B-9DC8-236662FE7312}.Release|x86.ActiveCfg = Release|Any CPU
		{7B46EE2F-6C88-4B4B-9DC8-236662FE7312}.Release|x86.Build.0 = Release|Any CPU
		{7F2A7E42-0AB8-464B-8A90-C04D2C7DF006}.Debug|Any CPU.ActiveCfg = Debug|Any CPU
		{7F2A7E42-0AB8-464B-8A90-C04D2C7DF006}.Debug|Any CPU.Build.0 = Debug|Any CPU
		{7F2A7E42-0AB8-464B-8A90-C04D2C7DF006}.Debug|x64.ActiveCfg = Debug|Any CPU
		{7F2A7E42-0AB8-464B-8A90-C04D2C7DF006}.Debug|x64.Build.0 = Debug|Any CPU
		{7F2A7E42-0AB8-464B-8A90-C04D2C7DF006}.Debug|x86.ActiveCfg = Debug|Any CPU
		{7F2A7E42-0AB8-464B-8A90-C04D2C7DF006}.Debug|x86.Build.0 = Debug|Any CPU
		{7F2A7E42-0AB8-464B-8A90-C04D2C7DF006}.Release|Any CPU.ActiveCfg = Release|Any CPU
		{7F2A7E42-0AB8-464B-8A90-C04D2C7DF006}.Release|Any CPU.Build.0 = Release|Any CPU
		{7F2A7E42-0AB8-464B-8A90-C04D2C7DF006}.Release|x64.ActiveCfg = Release|Any CPU
		{7F2A7E42-0AB8-464B-8A90-C04D2C7DF006}.Release|x64.Build.0 = Release|Any CPU
		{7F2A7E42-0AB8-464B-8A90-C04D2C7DF006}.Release|x86.ActiveCfg = Release|Any CPU
		{7F2A7E42-0AB8-464B-8A90-C04D2C7DF006}.Release|x86.Build.0 = Release|Any CPU
	EndGlobalSection
	GlobalSection(SolutionProperties) = preSolution
		HideSolutionNode = FALSE
	EndGlobalSection
	GlobalSection(ExtensibilityGlobals) = postSolution
		SolutionGuid = {BCC43D7A-7047-462A-89EC-7F66A41D8240}
	EndGlobalSection
EndGlobal
